# THIS IS AN AUTOGENERATED FILE. DO NOT EDIT THIS FILE DIRECTLY.
# yarn lockfile v1


chrome-types@^0.1.219:
  version "0.1.219"
  resolved "https://registry.yarnpkg.com/chrome-types/-/chrome-types-0.1.219.tgz#45db334c0a9a21da99c6f89910ff2bccfe03a618"
  integrity sha512-mnrUC5moGDo/dsV1P4HTm/c2yomYTR2SaVzyStNcDhBjbDxDpMFHnud8KKRHIrk7lf0KY7/sERzUIB/vlGPWIw==
